
Microsoft Visual Studio Solution File, Format Version 9.00
# Visual C++ Express 2005
Project("{8BC9CEB8-8B4A-11D0-8D11-00A0C91BC942}") = "libvirt-php", "libvirt-php.vcproj", "{17E2ED2D-E605-4A76-8C1E-82152B5E0491}"
EndProject
Global
	GlobalSection(SolutionConfigurationPlatforms) = preSolution
		Debug|Win32 = Debug|Win32
	EndGlobalSection
	GlobalSection(ProjectConfigurationPlatforms) = postSolution
		{17E2ED2D-E605-4A76-8C1E-82152B5E0491}.Debug|Win32.ActiveCfg = Debug|Win32
		{17E2ED2D-E605-4A76-8C1E-82152B5E0491}.Debug|Win32.Build.0 = Debug|Win32
	EndGlobalSection
	GlobalSection(SolutionProperties) = preSolution
		HideSolutionNode = FALSE
	EndGlobalSection
EndGlobal
